Microsoft Visual Studio Solution File, Format Version 12.00
# Visual Studio Version 17
VisualStudioVersion = 17.7.34202.233
MinimumVisualStudioVersion = 10.0.40219.1
Project("{9A19103F-16F7-4668-BE54-9A1E7A4F7556}") = "Console.TripperistaListExtractor", "Console.TripperistaListExtractor\Console.TripperistaListExtractor.csproj", "{2C1D634E-3F49-4556-848D-AB250FBC135B}"
EndProject
Project("{9A19103F-16F7-4668-BE54-9A1E7A4F7556}") = "Core.TripperistaListExtractor", "Core.TripperistaListExtractor\Core.TripperistaListExtractor.csproj", "{0F97159B-8194-470C-939A-21EE2EF2E678}"
EndProject
Project("{9A19103F-16F7-4668-BE54-9A1E7A4F7556}") = "Service.TripperistaListExtractor", "Service.TripperistaListExtractor\Service.TripperistaListExtractor.csproj", "{031386A5-1DB7-450A-BC51-AB95A955A4E9}"
EndProject
Project("{9A19103F-16F7-4668-BE54-9A1E7A4F7556}") = "Console.TripperistaListExtractor.Tests", "Console.TripperistaListExtractor.Tests\Console.TripperistaListExtractor.Tests.csproj", "{F408BA35-333C-48DF-ABBC-3C370829F47B}"
EndProject
Global
GlobalSection(SolutionConfigurationPlatforms) = preSolution
Debug|Any CPU = Debug|Any CPU
Release|Any CPU = Release|Any CPU
EndGlobalSection
GlobalSection(ProjectConfigurationPlatforms) = postSolution
{2C1D634E-3F49-4556-848D-AB250FBC135B}.Debug|Any CPU.ActiveCfg = Debug|Any CPU
{2C1D634E-3F49-4556-848D-AB250FBC135B}.Debug|Any CPU.Build.0 = Debug|Any CPU
{2C1D634E-3F49-4556-848D-AB250FBC135B}.Release|Any CPU.ActiveCfg = Release|Any CPU
{2C1D634E-3F49-4556-848D-AB250FBC135B}.Release|Any CPU.Build.0 = Release|Any CPU
{0F97159B-8194-470C-939A-21EE2EF2E678}.Debug|Any CPU.ActiveCfg = Debug|Any CPU
{0F97159B-8194-470C-939A-21EE2EF2E678}.Debug|Any CPU.Build.0 = Debug|Any CPU
{0F97159B-8194-470C-939A-21EE2EF2E678}.Release|Any CPU.ActiveCfg = Release|Any CPU
{0F97159B-8194-470C-939A-21EE2EF2E678}.Release|Any CPU.Build.0 = Release|Any CPU
{031386A5-1DB7-450A-BC51-AB95A955A4E9}.Debug|Any CPU.ActiveCfg = Debug|Any CPU
{031386A5-1DB7-450A-BC51-AB95A955A4E9}.Debug|Any CPU.Build.0 = Debug|Any CPU
{031386A5-1DB7-450A-BC51-AB95A955A4E9}.Release|Any CPU.ActiveCfg = Release|Any CPU
{031386A5-1DB7-450A-BC51-AB95A955A4E9}.Release|Any CPU.Build.0 = Release|Any CPU
{F408BA35-333C-48DF-ABBC-3C370829F47B}.Debug|Any CPU.ActiveCfg = Debug|Any CPU
{F408BA35-333C-48DF-ABBC-3C370829F47B}.Debug|Any CPU.Build.0 = Debug|Any CPU
{F408BA35-333C-48DF-ABBC-3C370829F47B}.Release|Any CPU.ActiveCfg = Release|Any CPU
{F408BA35-333C-48DF-ABBC-3C370829F47B}.Release|Any CPU.Build.0 = Release|Any CPU
EndGlobalSection
GlobalSection(SolutionProperties) = preSolution
HideSolutionNode = FALSE
EndGlobalSection
EndGlobal
