Microsoft Visual Studio Solution File, Format Version 12.00
# Visual Studio Version 17
VisualStudioVersion = 17.8.34309.116
MinimumVisualStudioVersion = 10.0.40219.1
Project("{FAE04EC0-301F-11D3-BF4B-00C04F79EFBC}") = "Core.TripperistaListExtractor", "Core.TripperistaListExtractor/Core.TripperistaListExtractor.csproj", "{19D50343-9F39-4635-89B1-4F84044FBADE}"
EndProject
Project("{FAE04EC0-301F-11D3-BF4B-00C04F79EFBC}") = "Service.TripperistaListExtractor", "Service.TripperistaListExtractor/Service.TripperistaListExtractor.csproj", "{C1F8CB06-6BA4-4C5C-9E72-D6E85F07F4C5}"
EndProject
Project("{FAE04EC0-301F-11D3-BF4B-00C04F79EFBC}") = "Console.TripperistaListExtractor", "Console.TripperistaListExtractor/Console.TripperistaListExtractor.csproj", "{6DBAE0A0-1C86-42CE-B679-7F91F416D3A7}"
EndProject
Project("{FAE04EC0-301F-11D3-BF4B-00C04F79EFBC}") = "Console.TripperistaListExtractor.Tests", "Console.TripperistaListExtractor.Tests/Console.TripperistaListExtractor.Tests.csproj", "{7C8FB8C9-8C08-4A2A-B8F7-3AD21A30F0E7}"
EndProject
Global
GlobalSection(SolutionConfigurationPlatforms) = preSolution
Debug|Any CPU = Debug|Any CPU
Release|Any CPU = Release|Any CPU
EndGlobalSection
GlobalSection(ProjectConfigurationPlatforms) = postSolution
{19D50343-9F39-4635-89B1-4F84044FBADE}.Debug|Any CPU.ActiveCfg = Debug|Any CPU
{19D50343-9F39-4635-89B1-4F84044FBADE}.Debug|Any CPU.Build.0 = Debug|Any CPU
{19D50343-9F39-4635-89B1-4F84044FBADE}.Release|Any CPU.ActiveCfg = Release|Any CPU
{19D50343-9F39-4635-89B1-4F84044FBADE}.Release|Any CPU.Build.0 = Release|Any CPU
{C1F8CB06-6BA4-4C5C-9E72-D6E85F07F4C5}.Debug|Any CPU.ActiveCfg = Debug|Any CPU
{C1F8CB06-6BA4-4C5C-9E72-D6E85F07F4C5}.Debug|Any CPU.Build.0 = Debug|Any CPU
{C1F8CB06-6BA4-4C5C-9E72-D6E85F07F4C5}.Release|Any CPU.ActiveCfg = Release|Any CPU
{C1F8CB06-6BA4-4C5C-9E72-D6E85F07F4C5}.Release|Any CPU.Build.0 = Release|Any CPU
{6DBAE0A0-1C86-42CE-B679-7F91F416D3A7}.Debug|Any CPU.ActiveCfg = Debug|Any CPU
{6DBAE0A0-1C86-42CE-B679-7F91F416D3A7}.Debug|Any CPU.Build.0 = Debug|Any CPU
{6DBAE0A0-1C86-42CE-B679-7F91F416D3A7}.Release|Any CPU.ActiveCfg = Release|Any CPU
{6DBAE0A0-1C86-42CE-B679-7F91F416D3A7}.Release|Any CPU.Build.0 = Release|Any CPU
{7C8FB8C9-8C08-4A2A-B8F7-3AD21A30F0E7}.Debug|Any CPU.ActiveCfg = Debug|Any CPU
{7C8FB8C9-8C08-4A2A-B8F7-3AD21A30F0E7}.Debug|Any CPU.Build.0 = Debug|Any CPU
{7C8FB8C9-8C08-4A2A-B8F7-3AD21A30F0E7}.Release|Any CPU.ActiveCfg = Release|Any CPU
{7C8FB8C9-8C08-4A2A-B8F7-3AD21A30F0E7}.Release|Any CPU.Build.0 = Release|Any CPU
EndGlobalSection
GlobalSection(SolutionProperties) = preSolution
HideSolutionNode = FALSE
EndGlobalSection
EndGlobal
